
Microsoft Visual Studio Solution File, Format Version 12.00
# Visual Studio 2015
Project("{FAE04EC0-301F-11D3-BF4B-00C04F79EFBC}") = "Memory.CSharp", "Memory.CSharp.csproj", "{EF0D69C0-D95A-057A-4FA6-1536619C684C}"
EndProject
Global
	GlobalSection(SolutionConfigurationPlatforms) = preSolution
		Debug|Any CPU = Debug|Any CPU
		Release|Any CPU = Release|Any CPU
	EndGlobalSection
	GlobalSection(ProjectConfigurationPlatforms) = postSolution
		{EF0D69C0-D95A-057A-4FA6-1536619C684C}.Debug|Any CPU.ActiveCfg = Debug|Any CPU
		{EF0D69C0-D95A-057A-4FA6-1536619C684C}.Debug|Any CPU.Build.0 = Debug|Any CPU
		{EF0D69C0-D95A-057A-4FA6-1536619C684C}.Release|Any CPU.ActiveCfg = Release|Any CPU
		{EF0D69C0-D95A-057A-4FA6-1536619C684C}.Release|Any CPU.Build.0 = Release|Any CPU
	EndGlobalSection
	GlobalSection(SolutionProperties) = preSolution
		HideSolutionNode = FALSE
	EndGlobalSection
EndGlobal
